{
  "name": "frontend",
  "version": "0.1.0",
  "lockfileVersion": 3,
  "requires": true,
  "packages": {
    "": {
      "name": "frontend",
      "version": "0.1.0",
      "dependencies": {
        "@radix-ui/react-compose-refs": "^1.1.2",
        "@radix-ui/react-slot": "^1.2.4",
        "class-variance-authority": "^0.7.1",
        "clsx": "^2.1.1",
        "framer-motion": "^12.38.0",
        "lucide-react": "^1.16.0",
        "next": "16.2.6",
        "react": "19.2.4",
        "react-dom": "19.2.4",
        "tailwind-merge": "^2.6.1"
      },
      "devDependencies": {
        "@tailwindcss/postcss": "^4",
        "@types/node": "^20",
        "@types/react": "^19",
        "@types/react-dom": "^19",
        "eslint": "^9",
        "eslint-config-next": "16.2.6",
        "tailwindcss": "^4",
        "typescript": "^5"
      }
    },
    "node_modules/@radix-ui/react-compose-refs": {
      "version": "1.1.2",
      "resolved": "https://registry.npmjs.org/@radix-ui/react-compose-refs/-/react-compose-refs-1.1.2.tgz",
      "integrity": "sha512-xd7qY6W5QNhcqMvAGOKsO4S3a4hFSJJEgz0Q+9sZ7lRrvgPfzMAuPPEPPx2/g8dsFxg9x3J5dZWkjPPWZMqJQ=="
    },
    "node_modules/@radix-ui/react-slot": {
      "version": "1.2.4",
      "resolved": "https://registry.npmjs.org/@radix-ui/react-slot/-/react-slot-1.2.4.tgz",
      "integrity": "sha512-sKq4EBJ6aCHlPYwj3Ye3qPm1F6VRQCNUWbgfA8RR1mZLwSJmHI4cLSb8xCpMjw/xpKZvuNPEkdNkF2J4UKVg==",
      "peerDependencies": {
        "@types/react": "^16.8 || ^17.0 || ^18.0",
        "react": "^16.8 || ^17.0 || ^18.0"
      }
    },
    "node_modules/class-variance-authority": {
      "version": "0.7.1",
      "resolved": "https://registry.npmjs.org/class-variance-authority/-/class-variance-authority-0.7.1.tgz",
      "integrity": "sha512-wvPaVNWWNCf8Bwvkz0FWIGqVxw9RUXxrw1ZFsD2t1ZVv/3VakHhKlJf9F0VzVmvCrKvG/fTWh5rEhYYSqvn5Q=="
    },
    "node_modules/clsx": {
      "version": "2.1.1",
      "resolved": "https://registry.npmjs.org/clsx/-/clsx-2.1.1.tgz",
      "integrity": "sha512-eYm0QWBtPWgWwvAX8pEqSbzWjWmrSHi7zfAyNEUX7W7YvVPwQMr7gF2vl+KKvgUUipY51JvjE4BvwNaGBZr0g=="
    },
    "node_modules/framer-motion": {
      "version": "12.38.0",
      "resolved": "https://registry.npmjs.org/framer-motion/-/framer-motion-12.38.0.tgz",
      "integrity": "sha512-7hh2Wx6nDCfFGTn5V9L0hPSZVzr2s4h5JhcuCAbLDT1GBf8PnGLkDRfTCMxKyYTe5wqFppNdkIx3p0mQnGMfA==",
      "peerDependencies": {
        "react": ">=18.0.0",
        "react-dom": ">=18.0.0"
      }
    },
    "node_modules/lucide-react": {
      "version": "1.16.0",
      "resolved": "https://registry.npmjs.org/lucide-react/-/lucide-react-1.16.0.tgz",
      "integrity": "sha512-Rkc6J7aMz3PgC7SYsR4Tqf0C7ov6h3MO5bCmKzJwwSKN5hSwOq8CQp0q3MdSdUHN7pBJ6p9cNEw5hVOF7iKA==",
      "peerDependencies": {
        "react": "^16.5.1 || ^17.0.0 || ^18.0.0"
      }
    },
    "node_modules/next": {
      "version": "16.2.6",
      "resolved": "https://registry.npmjs.org/next/-/next-16.2.6.tgz",
      "integrity": "sha512-s3ecKk9QkFbhUVq0uO8v4XXgRDjL2m/lGCrNKxHNWdJ4qh1VPH2NvJLVPEk1bD3pCOccaVc1BhQQkGmW3b/wQ=="
    },
    "node_modules/react": {
      "version": "19.2.4",
      "resolved": "https://registry.npmjs.org/react/-/react-19.2.4.tgz",
      "integrity": "sha512-ZZVuwMhKI3T6aKFChHbVIkb2fO3QjMqVfPgVNmWxCXqvNQR+50PjHPRSvKEJzpP+H4nHnMT39xDlxCgNPL5Cw=="
    },
    "node_modules/react-dom": {
      "version": "19.2.4",
      "resolved": "https://registry.npmjs.org/react-dom/-/react-dom-19.2.4.tgz",
      "integrity": "sha512-GON1vXH3WQTL+HZFtMbSwxPfnXJqGLGJJBhQQmFXSn7lfVJx3CXjEqKxGPMUfWz4g2G6PkD9AV7xdLbBvVD1Q==",
      "peerDependencies": {
        "react": "19.2.4"
      }
    },
    "node_modules/tailwind-merge": {
      "version": "2.6.1",
      "resolved": "https://registry.npmjs.org/tailwind-merge/-/tailwind-merge-2.6.1.tgz",
      "integrity": "sha512-oLLNb21EYdWvVNCeVQvIXKzjxbJ2QLmwXIUhNP/r0SsV6JUVpg0o4v3GtHLBqR4SJA0NbNWTVw15XEd+aKVKA=="
    },
    "node_modules/@tailwindcss/postcss": {
      "version": "4.0.0",
      "resolved": "https://registry.npmjs.org/@tailwindcss/postcss/-/postcss-4.0.0.tgz",
      "integrity": "sha512-1S5JTk7X6PCW+h4wK5HN6FqXYa8VcEhJ0mzLjQbGqKsEP5B11X6shokVIxnPQ9w3N+V75JAjC4yl2R9fVHPWQ=="
    },
    "node_modules/@types/node": {
      "version": "20.11.0",
      "resolved": "https://registry.npmjs.org/@types/node/-/node-20.11.0.tgz",
      "integrity": "sha512-NBYlpsDEf9CHMrIIbhzS8c8PpRAkdOg8MWX8WnWODCFiF6+fL1KmqTKGqIiOMvt2FIHO3xz3d5u9dBT8qKz9g=="
    },
    "node_modules/@types/react": {
      "version": "19.0.0",
      "resolved": "https://registry.npmjs.org/@types/react/-/react-19.0.0.tgz",
      "integrity": "sha512-QJjLDXgJWvJAKc2YYASwGI1nrMUOekNrRZp2W1m4SJIp0u6+ICZJ1EAhC5YP7Fiv2K5JNEOdYJ18E5Kv8Bwwg=="
    },
    "node_modules/@types/react-dom": {
      "version": "19.0.1",
      "resolved": "https://registry.npmjs.org/@types/react-dom/-/react-dom-19.0.1.tgz",
      "integrity": "sha512-4XhH1Eg1XvrmXYcBfY2gQFacJCjXEJLnNQsWlWYV0+YOQ7wqPa8s7a4MJKLBGANJwDrCMhYEA8cLPKL3qXnZhA=="
    },
    "node_modules/eslint": {
      "version": "9.9.0",
      "resolved": "https://registry.npmjs.org/eslint/-/eslint-9.9.0.tgz",
      "integrity": "sha512-N4Rvw/J6xDJnDGLJFuOqT8LfpKXJhd3dOeGIJ/QZ0+xbwjA7r0g+56J/zL3H/KGBWAd7JMWMVA6CdW1cRZPyQ=="
    },
    "node_modules/eslint-config-next": {
      "version": "16.2.6",
      "resolved": "https://registry.npmjs.org/eslint-config-next/-/eslint-config-next-16.2.6.tgz",
      "integrity": "sha512-oowvgpxhv8vMlHvHiDVbCdIXvb0m5PGJF6mIkVvvXE8cpZ/lqXP5O7hOOJO1WmqnkH2VvQqKxHJKpDVs0xmfA=="
    },
    "node_modules/tailwindcss": {
      "version": "4.0.0",
      "resolved": "https://registry.npmjs.org/tailwindcss/-/tailwindcss-4.0.0.tgz",
      "integrity": "sha512-3K/4GmwHUmUWF6VhiVMECGEJEXPJkTNpZ8mCdv/SnKU6MbM+2XcJBJEjEK6PvKhQvKdEi+Zk1OJWy5DQVLA2A=="
    },
    "node_modules/typescript": {
      "version": "5.7.0",
      "resolved": "https://registry.npmjs.org/typescript/-/typescript-5.7.0.tgz",
      "integrity": "sha512-rhiMEYl4lQrKtsIKc2dz2IbVfvVRiqUWIvvgFQ3MbVQJmh85bwO6LLvh3hGTfPYY75q26J9FXcjLCjBPVDYUw=="
    }
  }
}
